
Microsoft Visual Studio Solution File, Format Version 12.00
# Visual Studio Version 17
VisualStudioVersion = 17.1.31911.260
MinimumVisualStudioVersion = 10.0.40219.1
Project("{9A19103F-16F7-4668-BE54-9A1E7A4F7556}") = "CookTo.Server", "CookTo\Server\CookTo.Server.csproj", "{9EA542D7-19B7-4969-A1D5-999CA0D76443}"
EndProject
Project("{9A19103F-16F7-4668-BE54-9A1E7A4F7556}") = "CookTo.Client", "CookTo\Client\CookTo.Client.csproj", "{4818DE6F-4918-432E-8942-740667E235ED}"
EndProject
Project("{9A19103F-16F7-4668-BE54-9A1E7A4F7556}") = "CookTo.Shared", "CookTo\Shared\CookTo.Shared.csproj", "{29832D91-600C-4F43-B05B-FB528E841DDF}"
EndProject
Project("{9A19103F-16F7-4668-BE54-9A1E7A4F7556}") = "CookTo.Tests", "CookTo.Tests\CookTo.Tests.csproj", "{EC9F2915-CCCD-415F-B09A-255E3AB8BB9B}"
EndProject
Project("{9A19103F-16F7-4668-BE54-9A1E7A4F7556}") = "CookTo.DataAccess", "CookTo.DataAccess\CookTo.DataAccess.csproj", "{F397CD72-2767-419D-9385-5CB7CAF0A9D0}"
EndProject
Global
	GlobalSection(SolutionConfigurationPlatforms) = preSolution
		Debug|Any CPU = Debug|Any CPU
		Release|Any CPU = Release|Any CPU
	EndGlobalSection
	GlobalSection(ProjectConfigurationPlatforms) = postSolution
		{9EA542D7-19B7-4969-A1D5-999CA0D76443}.Debug|Any CPU.ActiveCfg = Debug|Any CPU
		{9EA542D7-19B7-4969-A1D5-999CA0D76443}.Debug|Any CPU.Build.0 = Debug|Any CPU
		{9EA542D7-19B7-4969-A1D5-999CA0D76443}.Release|Any CPU.ActiveCfg = Release|Any CPU
		{9EA542D7-19B7-4969-A1D5-999CA0D76443}.Release|Any CPU.Build.0 = Release|Any CPU
		{4818DE6F-4918-432E-8942-740667E235ED}.Debug|Any CPU.ActiveCfg = Debug|Any CPU
		{4818DE6F-4918-432E-8942-740667E235ED}.Debug|Any CPU.Build.0 = Debug|Any CPU
		{4818DE6F-4918-432E-8942-740667E235ED}.Release|Any CPU.ActiveCfg = Release|Any CPU
		{4818DE6F-4918-432E-8942-740667E235ED}.Release|Any CPU.Build.0 = Release|Any CPU
		{29832D91-600C-4F43-B05B-FB528E841DDF}.Debug|Any CPU.ActiveCfg = Debug|Any CPU
		{29832D91-600C-4F43-B05B-FB528E841DDF}.Debug|Any CPU.Build.0 = Debug|Any CPU
		{29832D91-600C-4F43-B05B-FB528E841DDF}.Release|Any CPU.ActiveCfg = Release|Any CPU
		{29832D91-600C-4F43-B05B-FB528E841DDF}.Release|Any CPU.Build.0 = Release|Any CPU
		{EC9F2915-CCCD-415F-B09A-255E3AB8BB9B}.Debug|Any CPU.ActiveCfg = Debug|Any CPU
		{EC9F2915-CCCD-415F-B09A-255E3AB8BB9B}.Debug|Any CPU.Build.0 = Debug|Any CPU
		{EC9F2915-CCCD-415F-B09A-255E3AB8BB9B}.Release|Any CPU.ActiveCfg = Release|Any CPU
		{EC9F2915-CCCD-415F-B09A-255E3AB8BB9B}.Release|Any CPU.Build.0 = Release|Any CPU
		{F397CD72-2767-419D-9385-5CB7CAF0A9D0}.Debug|Any CPU.ActiveCfg = Debug|Any CPU
		{F397CD72-2767-419D-9385-5CB7CAF0A9D0}.Debug|Any CPU.Build.0 = Debug|Any CPU
		{F397CD72-2767-419D-9385-5CB7CAF0A9D0}.Release|Any CPU.ActiveCfg = Release|Any CPU
		{F397CD72-2767-419D-9385-5CB7CAF0A9D0}.Release|Any CPU.Build.0 = Release|Any CPU
	EndGlobalSection
	GlobalSection(SolutionProperties) = preSolution
		HideSolutionNode = FALSE
	EndGlobalSection
	GlobalSection(ExtensibilityGlobals) = postSolution
		SolutionGuid = {103CDDDF-EAB4-4195-9D95-76D39BE26620}
	EndGlobalSection
EndGlobal
