
Microsoft Visual Studio Solution File, Format Version 12.00
# Visual Studio Version 17
VisualStudioVersion = 17.1.31911.260
MinimumVisualStudioVersion = 10.0.40219.1
Project("{9A19103F-16F7-4668-BE54-9A1E7A4F7556}") = "CookTo.Server", "CookTo\Server\CookTo.Server.csproj", "{9EA542D7-19B7-4969-A1D5-999CA0D76443}"
EndProject
Project("{9A19103F-16F7-4668-BE54-9A1E7A4F7556}") = "CookTo.Client", "CookTo\Client\CookTo.Client.csproj", "{4818DE6F-4918-432E-8942-740667E235ED}"
EndProject
Project("{9A19103F-16F7-4668-BE54-9A1E7A4F7556}") = "CookTo.Shared", "CookTo\Shared\CookTo.Shared.csproj", "{29832D91-600C-4F43-B05B-FB528E841DDF}"
EndProject
Project("{9A19103F-16F7-4668-BE54-9A1E7A4F7556}") = "CookTo.Tests.Server.Unit", "CookTo.Tests\CookTo.Tests.Server.Unit.csproj", "{DDDDCEFF-37DB-4EBC-B778-D4E25CA534B4}"
EndProject
Project("{9A19103F-16F7-4668-BE54-9A1E7A4F7556}") = "CookTo.Tests.Intergration", "CookTo.IntergrationTests\CookTo.Tests.Intergration.csproj", "{A3E2E1AA-21A7-4AE1-9F73-D43647E06302}"
EndProject
Project("{2150E333-8FDC-42A3-9474-1A3956D46DE8}") = "Solution Items", "Solution Items", "{B8D20111-C1B5-450C-9F75-423C1F113502}"
	ProjectSection(SolutionItems) = preProject
		.editorconfig = .editorconfig
	EndProjectSection
EndProject
Project("{FAE04EC0-301F-11D3-BF4B-00C04F79EFBC}") = "CookTo.Tests.Client.Unit", "CookTo.Tests.Client.Unit\CookTo.Tests.Client.Unit.csproj", "{38E387D0-CEE7-4D7C-94EB-26CF4AD45C97}"
EndProject
Global
	GlobalSection(SolutionConfigurationPlatforms) = preSolution
		Debug|Any CPU = Debug|Any CPU
		Release|Any CPU = Release|Any CPU
	EndGlobalSection
	GlobalSection(ProjectConfigurationPlatforms) = postSolution
		{9EA542D7-19B7-4969-A1D5-999CA0D76443}.Debug|Any CPU.ActiveCfg = Debug|Any CPU
		{9EA542D7-19B7-4969-A1D5-999CA0D76443}.Debug|Any CPU.Build.0 = Debug|Any CPU
		{9EA542D7-19B7-4969-A1D5-999CA0D76443}.Release|Any CPU.ActiveCfg = Release|Any CPU
		{9EA542D7-19B7-4969-A1D5-999CA0D76443}.Release|Any CPU.Build.0 = Release|Any CPU
		{4818DE6F-4918-432E-8942-740667E235ED}.Debug|Any CPU.ActiveCfg = Debug|Any CPU
		{4818DE6F-4918-432E-8942-740667E235ED}.Debug|Any CPU.Build.0 = Debug|Any CPU
		{4818DE6F-4918-432E-8942-740667E235ED}.Release|Any CPU.ActiveCfg = Release|Any CPU
		{4818DE6F-4918-432E-8942-740667E235ED}.Release|Any CPU.Build.0 = Release|Any CPU
		{29832D91-600C-4F43-B05B-FB528E841DDF}.Debug|Any CPU.ActiveCfg = Debug|Any CPU
		{29832D91-600C-4F43-B05B-FB528E841DDF}.Debug|Any CPU.Build.0 = Debug|Any CPU
		{29832D91-600C-4F43-B05B-FB528E841DDF}.Release|Any CPU.ActiveCfg = Release|Any CPU
		{29832D91-600C-4F43-B05B-FB528E841DDF}.Release|Any CPU.Build.0 = Release|Any CPU
		{DDDDCEFF-37DB-4EBC-B778-D4E25CA534B4}.Debug|Any CPU.ActiveCfg = Debug|Any CPU
		{DDDDCEFF-37DB-4EBC-B778-D4E25CA534B4}.Debug|Any CPU.Build.0 = Debug|Any CPU
		{DDDDCEFF-37DB-4EBC-B778-D4E25CA534B4}.Release|Any CPU.ActiveCfg = Release|Any CPU
		{DDDDCEFF-37DB-4EBC-B778-D4E25CA534B4}.Release|Any CPU.Build.0 = Release|Any CPU
		{A3E2E1AA-21A7-4AE1-9F73-D43647E06302}.Debug|Any CPU.ActiveCfg = Debug|Any CPU
		{A3E2E1AA-21A7-4AE1-9F73-D43647E06302}.Debug|Any CPU.Build.0 = Debug|Any CPU
		{A3E2E1AA-21A7-4AE1-9F73-D43647E06302}.Release|Any CPU.ActiveCfg = Release|Any CPU
		{A3E2E1AA-21A7-4AE1-9F73-D43647E06302}.Release|Any CPU.Build.0 = Release|Any CPU
		{38E387D0-CEE7-4D7C-94EB-26CF4AD45C97}.Debug|Any CPU.ActiveCfg = Debug|Any CPU
		{38E387D0-CEE7-4D7C-94EB-26CF4AD45C97}.Debug|Any CPU.Build.0 = Debug|Any CPU
		{38E387D0-CEE7-4D7C-94EB-26CF4AD45C97}.Release|Any CPU.ActiveCfg = Release|Any CPU
		{38E387D0-CEE7-4D7C-94EB-26CF4AD45C97}.Release|Any CPU.Build.0 = Release|Any CPU
	EndGlobalSection
	GlobalSection(SolutionProperties) = preSolution
		HideSolutionNode = FALSE
	EndGlobalSection
	GlobalSection(ExtensibilityGlobals) = postSolution
		SolutionGuid = {103CDDDF-EAB4-4195-9D95-76D39BE26620}
	EndGlobalSection
EndGlobal
