
Microsoft Visual Studio Solution File, Format Version 12.00
# Visual Studio Version 17
VisualStudioVersion = 17.1.31911.260
MinimumVisualStudioVersion = 10.0.40219.1
Project("{FAE04EC0-301F-11D3-BF4B-00C04F79EFBC}") = "CookTo.Server", "CookTo\Server\CookTo.Server.csproj", "{169D4EFB-07A6-41D3-9CE0-347FE7EC4A4A}"
EndProject
Project("{FAE04EC0-301F-11D3-BF4B-00C04F79EFBC}") = "CookTo.Client", "CookTo\Client\CookTo.Client.csproj", "{375C4461-0E4A-4968-BFDE-78C1C67BC8BA}"
EndProject
Project("{FAE04EC0-301F-11D3-BF4B-00C04F79EFBC}") = "CookTo.Shared", "CookTo\Shared\CookTo.Shared.csproj", "{F0AE4B72-17BA-4FD0-833A-EF28A2AEBB6A}"
EndProject
Global
	GlobalSection(SolutionConfigurationPlatforms) = preSolution
		Debug|Any CPU = Debug|Any CPU
		Release|Any CPU = Release|Any CPU
	EndGlobalSection
	GlobalSection(ProjectConfigurationPlatforms) = postSolution
		{169D4EFB-07A6-41D3-9CE0-347FE7EC4A4A}.Debug|Any CPU.ActiveCfg = Debug|Any CPU
		{169D4EFB-07A6-41D3-9CE0-347FE7EC4A4A}.Debug|Any CPU.Build.0 = Debug|Any CPU
		{169D4EFB-07A6-41D3-9CE0-347FE7EC4A4A}.Release|Any CPU.ActiveCfg = Release|Any CPU
		{169D4EFB-07A6-41D3-9CE0-347FE7EC4A4A}.Release|Any CPU.Build.0 = Release|Any CPU
		{375C4461-0E4A-4968-BFDE-78C1C67BC8BA}.Debug|Any CPU.ActiveCfg = Debug|Any CPU
		{375C4461-0E4A-4968-BFDE-78C1C67BC8BA}.Debug|Any CPU.Build.0 = Debug|Any CPU
		{375C4461-0E4A-4968-BFDE-78C1C67BC8BA}.Release|Any CPU.ActiveCfg = Release|Any CPU
		{375C4461-0E4A-4968-BFDE-78C1C67BC8BA}.Release|Any CPU.Build.0 = Release|Any CPU
		{F0AE4B72-17BA-4FD0-833A-EF28A2AEBB6A}.Debug|Any CPU.ActiveCfg = Debug|Any CPU
		{F0AE4B72-17BA-4FD0-833A-EF28A2AEBB6A}.Debug|Any CPU.Build.0 = Debug|Any CPU
		{F0AE4B72-17BA-4FD0-833A-EF28A2AEBB6A}.Release|Any CPU.ActiveCfg = Release|Any CPU
		{F0AE4B72-17BA-4FD0-833A-EF28A2AEBB6A}.Release|Any CPU.Build.0 = Release|Any CPU
	EndGlobalSection
	GlobalSection(SolutionProperties) = preSolution
		HideSolutionNode = FALSE
	EndGlobalSection
	GlobalSection(ExtensibilityGlobals) = postSolution
		SolutionGuid = {A52A2A32-DC5E-433E-B3B4-15C4B6B357F6}
	EndGlobalSection
EndGlobal
